// !$*UTF8*$!
{
	archiveVersion = 1;
	classes = {
	};
	objectVersion = 56;
	objects = {

/* Begin PBXBuildFile section */
		658FE41DA548CFAB308F2D1F /* libPods-ObjCUI.a in Frameworks */ = {isa = PBXBuildFile; fileRef = 3C31CB6E895E9D1651947CD2 /* libPods-ObjCUI.a */; };
		D4CB304B29BA1B280055BEE0 /* AppDelegate.m in Sources */ = {isa = PBXBuildFile; fileRef = D4CB304A29BA1B280055BEE0 /* AppDelegate.m */; };
		D4CB305129BA1B280055BEE0 /* ViewController.m in Sources */ = {isa = PBXBuildFile; fileRef = D4CB305029BA1B280055BEE0 /* ViewController.m */; };
		D4CB305629BA1B290055BEE0 /* Assets.xcassets in Resources */ = {isa = PBXBuildFile; fileRef = D4CB305529BA1B290055BEE0 /* Assets.xcassets */; };
		D4CB305929BA1B290055BEE0 /* LaunchScreen.storyboard in Resources */ = {isa = PBXBuildFile; fileRef = D4CB305729BA1B290055BEE0 /* LaunchScreen.storyboard */; };
		D4CB305C29BA1B290055BEE0 /* main.m in Sources */ = {isa = PBXBuildFile; fileRef = D4CB305B29BA1B290055BEE0 /* main.m */; };
		D4CB306429BA1D1C0055BEE0 /* ObjCUI.m in Sources */ = {isa = PBXBuildFile; fileRef = D4CB306329BA1D1C0055BEE0 /* ObjCUI.m */; };
		D4CB306729BA2E410055BEE0 /* ViewModel.m in Sources */ = {isa = PBXBuildFile; fileRef = D4CB306629BA2E410055BEE0 /* ViewModel.m */; };
/* End PBXBuildFile section */

/* Begin PBXFileReference section */
		3C31CB6E895E9D1651947CD2 /* libPods-ObjCUI.a */ = {isa = PBXFileReference; explicitFileType = archive.ar; includeInIndex = 0; path = "libPods-ObjCUI.a"; sourceTree = BUILT_PRODUCTS_DIR; };
		561332504C1BD10E732DA144 /* Pods-ObjCUI.debug.xcconfig */ = {isa = PBXFileReference; includeInIndex = 1; lastKnownFileType = text.xcconfig; name = "Pods-ObjCUI.debug.xcconfig"; path = "Target Support Files/Pods-ObjCUI/Pods-ObjCUI.debug.xcconfig"; sourceTree = "<group>"; };
		D4CB304629BA1B280055BEE0 /* ObjCUI.app */ = {isa = PBXFileReference; explicitFileType = wrapper.application; includeInIndex = 0; path = ObjCUI.app; sourceTree = BUILT_PRODUCTS_DIR; };
		D4CB304929BA1B280055BEE0 /* AppDelegate.h */ = {isa = PBXFileReference; lastKnownFileType = sourcecode.c.h; path = AppDelegate.h; sourceTree = "<group>"; };
		D4CB304A29BA1B280055BEE0 /* AppDelegate.m */ = {isa = PBXFileReference; lastKnownFileType = sourcecode.c.objc; path = AppDelegate.m; sourceTree = "<group>"; };
		D4CB304F29BA1B280055BEE0 /* ViewController.h */ = {isa = PBXFileReference; lastKnownFileType = sourcecode.c.h; path = ViewController.h; sourceTree = "<group>"; };
		D4CB305029BA1B280055BEE0 /* ViewController.m */ = {isa = PBXFileReference; lastKnownFileType = sourcecode.c.objc; path = ViewController.m; sourceTree = "<group>"; };
		D4CB305529BA1B290055BEE0 /* Assets.xcassets */ = {isa = PBXFileReference; lastKnownFileType = folder.assetcatalog; path = Assets.xcassets; sourceTree = "<group>"; };
		D4CB305829BA1B290055BEE0 /* Base */ = {isa = PBXFileReference; lastKnownFileType = file.storyboard; name = Base; path = Base.lproj/LaunchScreen.storyboard; sourceTree = "<group>"; };
		D4CB305A29BA1B290055BEE0 /* Info.plist */ = {isa = PBXFileReference; lastKnownFileType = text.plist.xml; path = Info.plist; sourceTree = "<group>"; };
		D4CB305B29BA1B290055BEE0 /* main.m */ = {isa = PBXFileReference; lastKnownFileType = sourcecode.c.objc; path = main.m; sourceTree = "<group>"; };
		D4CB306229BA1D1C0055BEE0 /* ObjCUI.h */ = {isa = PBXFileReference; lastKnownFileType = sourcecode.c.h; path = ObjCUI.h; sourceTree = "<group>"; };
		D4CB306329BA1D1C0055BEE0 /* ObjCUI.m */ = {isa = PBXFileReference; lastKnownFileType = sourcecode.c.objc; path = ObjCUI.m; sourceTree = "<group>"; };
		D4CB306529BA2E410055BEE0 /* ViewModel.h */ = {isa = PBXFileReference; lastKnownFileType = sourcecode.c.h; path = ViewModel.h; sourceTree = "<group>"; };
		D4CB306629BA2E410055BEE0 /* ViewModel.m */ = {isa = PBXFileReference; lastKnownFileType = sourcecode.c.objc; path = ViewModel.m; sourceTree = "<group>"; };
		D67BDA0F06DB910E02DFA818 /* Pods-ObjCUI.release.xcconfig */ = {isa = PBXFileReference; includeInIndex = 1; lastKnownFileType = text.xcconfig; name = "Pods-ObjCUI.release.xcconfig"; path = "Target Support Files/Pods-ObjCUI/Pods-ObjCUI.release.xcconfig"; sourceTree = "<group>"; };
/* End PBXFileReference section */

/* Begin PBXFrameworksBuildPhase section */
		D4CB304329BA1B280055BEE0 /* Frameworks */ = {
			isa = PBXFrameworksBuildPhase;
			buildActionMask = 2147483647;
			files = (
				658FE41DA548CFAB308F2D1F /* libPods-ObjCUI.a in Frameworks */,
			);
			runOnlyForDeploymentPostprocessing = 0;
		};
/* End PBXFrameworksBuildPhase section */

/* Begin PBXGroup section */
		2B446175668636C1364F321F /* Pods */ = {
			isa = PBXGroup;
			children = (
				561332504C1BD10E732DA144 /* Pods-ObjCUI.debug.xcconfig */,
				D67BDA0F06DB910E02DFA818 /* Pods-ObjCUI.release.xcconfig */,
			);
			name = Pods;
			path = Pods;
			sourceTree = "<group>";
		};
		BBEC6E92CBE7C4273257EDB1 /* Frameworks */ = {
			isa = PBXGroup;
			children = (
				3C31CB6E895E9D1651947CD2 /* libPods-ObjCUI.a */,
			);
			name = Frameworks;
			sourceTree = "<group>";
		};
		D4CB303D29BA1B280055BEE0 = {
			isa = PBXGroup;
			children = (
				D4CB304829BA1B280055BEE0 /* ObjCUI */,
				D4CB304729BA1B280055BEE0 /* Products */,
				2B446175668636C1364F321F /* Pods */,
				BBEC6E92CBE7C4273257EDB1 /* Frameworks */,
			);
			sourceTree = "<group>";
		};
		D4CB304729BA1B280055BEE0 /* Products */ = {
			isa = PBXGroup;
			children = (
				D4CB304629BA1B280055BEE0 /* ObjCUI.app */,
			);
			name = Products;
			sourceTree = "<group>";
		};
		D4CB304829BA1B280055BEE0 /* ObjCUI */ = {
			isa = PBXGroup;
			children = (
				D4CB304929BA1B280055BEE0 /* AppDelegate.h */,
				D4CB304A29BA1B280055BEE0 /* AppDelegate.m */,
				D4CB304F29BA1B280055BEE0 /* ViewController.h */,
				D4CB305029BA1B280055BEE0 /* ViewController.m */,
				D4CB305529BA1B290055BEE0 /* Assets.xcassets */,
				D4CB305729BA1B290055BEE0 /* LaunchScreen.storyboard */,
				D4CB305A29BA1B290055BEE0 /* Info.plist */,
				D4CB305B29BA1B290055BEE0 /* main.m */,
				D4CB306229BA1D1C0055BEE0 /* ObjCUI.h */,
				D4CB306329BA1D1C0055BEE0 /* ObjCUI.m */,
				D4CB306529BA2E410055BEE0 /* ViewModel.h */,
				D4CB306629BA2E410055BEE0 /* ViewModel.m */,
			);
			path = ObjCUI;
			sourceTree = "<group>";
		};
/* End PBXGroup section */

/* Begin PBXNativeTarget section */
		D4CB304529BA1B280055BEE0 /* ObjCUI */ = {
			isa = PBXNativeTarget;
			buildConfigurationList = D4CB305F29BA1B290055BEE0 /* Build configuration list for PBXNativeTarget "ObjCUI" */;
			buildPhases = (
				C3559268C8CE67860755E790 /* [CP] Check Pods Manifest.lock */,
				D4CB304229BA1B280055BEE0 /* Sources */,
				D4CB304329BA1B280055BEE0 /* Frameworks */,
				D4CB304429BA1B280055BEE0 /* Resources */,
			);
			buildRules = (
			);
			dependencies = (
			);
			name = ObjCUI;
			productName = ObjCUI;
			productReference = D4CB304629BA1B280055BEE0 /* ObjCUI.app */;
			productType = "com.apple.product-type.application";
		};
/* End PBXNativeTarget section */

/* Begin PBXProject section */
		D4CB303E29BA1B280055BEE0 /* Project object */ = {
			isa = PBXProject;
			attributes = {
				BuildIndependentTargetsInParallel = 1;
				LastUpgradeCheck = 1410;
				TargetAttributes = {
					D4CB304529BA1B280055BEE0 = {
						CreatedOnToolsVersion = 14.1;
					};
				};
			};
			buildConfigurationList = D4CB304129BA1B280055BEE0 /* Build configuration list for PBXProject "ObjCUI" */;
			compatibilityVersion = "Xcode 14.0";
			developmentRegion = en;
			hasScannedForEncodings = 0;
			knownRegions = (
				en,
				Base,
			);
			mainGroup = D4CB303D29BA1B280055BEE0;
			productRefGroup = D4CB304729BA1B280055BEE0 /* Products */;
			projectDirPath = "";
			projectRoot = "";
			targets = (
				D4CB304529BA1B280055BEE0 /* ObjCUI */,
			);
		};
/* End PBXProject section */

/* Begin PBXResourcesBuildPhase section */
		D4CB304429BA1B280055BEE0 /* Resources */ = {
			isa = PBXResourcesBuildPhase;
			buildActionMask = 2147483647;
			files = (
				D4CB305929BA1B290055BEE0 /* LaunchScreen.storyboard in Resources */,
				D4CB305629BA1B290055BEE0 /* Assets.xcassets in Resources */,
			);
			runOnlyForDeploymentPostprocessing = 0;
		};
/* End PBXResourcesBuildPhase section */

/* Begin PBXShellScriptBuildPhase section */
		C3559268C8CE67860755E790 /* [CP] Check Pods Manifest.lock */ = {
			isa = PBXShellScriptBuildPhase;
			buildActionMask = 2147483647;
			files = (
			);
			inputFileListPaths = (
			);
			inputPaths = (
				"${PODS_PODFILE_DIR_PATH}/Podfile.lock",
				"${PODS_ROOT}/Manifest.lock",
			);
			name = "[CP] Check Pods Manifest.lock";
			outputFileListPaths = (
			);
			outputPaths = (
				"$(DERIVED_FILE_DIR)/Pods-ObjCUI-checkManifestLockResult.txt",
			);
			runOnlyForDeploymentPostprocessing = 0;
			shellPath = /bin/sh;
			shellScript = "diff \"${PODS_PODFILE_DIR_PATH}/Podfile.lock\" \"${PODS_ROOT}/Manifest.lock\" > /dev/null\nif [ $? != 0 ] ; then\n    # print error to STDERR\n    echo \"error: The sandbox is not in sync with the Podfile.lock. Run 'pod install' or update your CocoaPods installation.\" >&2\n    exit 1\nfi\n# This output is used by Xcode 'outputs' to avoid re-running this script phase.\necho \"SUCCESS\" > \"${SCRIPT_OUTPUT_FILE_0}\"\n";
			showEnvVarsInLog = 0;
		};
/* End PBXShellScriptBuildPhase section */

/* Begin PBXSourcesBuildPhase section */
		D4CB304229BA1B280055BEE0 /* Sources */ = {
			isa = PBXSourcesBuildPhase;
			buildActionMask = 2147483647;
			files = (
				D4CB305129BA1B280055BEE0 /* ViewController.m in Sources */,
				D4CB304B29BA1B280055BEE0 /* AppDelegate.m in Sources */,
				D4CB306729BA2E410055BEE0 /* ViewModel.m in Sources */,
				D4CB305C29BA1B290055BEE0 /* main.m in Sources */,
				D4CB306429BA1D1C0055BEE0 /* ObjCUI.m in Sources */,
			);
			runOnlyForDeploymentPostprocessing = 0;
		};
/* End PBXSourcesBuildPhase section */

/* Begin PBXVariantGroup section */
		D4CB305729BA1B290055BEE0 /* LaunchScreen.storyboard */ = {
			isa = PBXVariantGroup;
			children = (
				D4CB305829BA1B290055BEE0 /* Base */,
			);
			name = LaunchScreen.storyboard;
			sourceTree = "<group>";
		};
/* End PBXVariantGroup section */

/* Begin XCBuildConfiguration section */
		D4CB305D29BA1B290055BEE0 /* Debug */ = {
			isa = XCBuildConfiguration;
			buildSettings = {
				ALWAYS_SEARCH_USER_PATHS = NO;
				CLANG_ANALYZER_NONNULL = YES;
				CLANG_ANALYZER_NUMBER_OBJECT_CONVERSION = YES_AGGRESSIVE;
				CLANG_CXX_LANGUAGE_STANDARD = "gnu++20";
				CLANG_ENABLE_MODULES = YES;
				CLANG_ENABLE_OBJC_ARC = YES;
				CLANG_ENABLE_OBJC_WEAK = YES;
				CLANG_WARN_BLOCK_CAPTURE_AUTORELEASING = YES;
				CLANG_WARN_BOOL_CONVERSION = YES;
				CLANG_WARN_COMMA = YES;
				CLANG_WARN_CONSTANT_CONVERSION = YES;
				CLANG_WARN_DEPRECATED_OBJC_IMPLEMENTATIONS = YES;
				CLANG_WARN_DIRECT_OBJC_ISA_USAGE = YES_ERROR;
				CLANG_WARN_DOCUMENTATION_COMMENTS = YES;
				CLANG_WARN_EMPTY_BODY = YES;
				CLANG_WARN_ENUM_CONVERSION = YES;
				CLANG_WARN_INFINITE_RECURSION = YES;
				CLANG_WARN_INT_CONVERSION = YES;
				CLANG_WARN_NON_LITERAL_NULL_CONVERSION = YES;
				CLANG_WARN_OBJC_IMPLICIT_RETAIN_SELF = YES;
				CLANG_WARN_OBJC_LITERAL_CONVERSION = YES;
				CLANG_WARN_OBJC_ROOT_CLASS = YES_ERROR;
				CLANG_WARN_QUOTED_INCLUDE_IN_FRAMEWORK_HEADER = YES;
				CLANG_WARN_RANGE_LOOP_ANALYSIS = YES;
				CLANG_WARN_STRICT_PROTOTYPES = YES;
				CLANG_WARN_SUSPICIOUS_MOVE = YES;
				CLANG_WARN_UNGUARDED_AVAILABILITY = YES_AGGRESSIVE;
				CLANG_WARN_UNREACHABLE_CODE = YES;
				CLANG_WARN__DUPLICATE_METHOD_MATCH = YES;
				COPY_PHASE_STRIP = NO;
				DEBUG_INFORMATION_FORMAT = dwarf;
				ENABLE_STRICT_OBJC_MSGSEND = YES;
				ENABLE_TESTABILITY = YES;
				GCC_C_LANGUAGE_STANDARD = gnu11;
				GCC_DYNAMIC_NO_PIC = NO;
				GCC_NO_COMMON_BLOCKS = YES;
				GCC_OPTIMIZATION_LEVEL = 0;
				GCC_PREPROCESSOR_DEFINITIONS = (
					"DEBUG=1",
					"$(inherited)",
				);
				GCC_WARN_64_TO_32_BIT_CONVERSION = YES;
				GCC_WARN_ABOUT_RETURN_TYPE = YES_ERROR;
				GCC_WARN_UNDECLARED_SELECTOR = YES;
				GCC_WARN_UNINITIALIZED_AUTOS = YES_AGGRESSIVE;
				GCC_WARN_UNUSED_FUNCTION = YES;
				GCC_WARN_UNUSED_VARIABLE = YES;
				IPHONEOS_DEPLOYMENT_TARGET = 16.1;
				MTL_ENABLE_DEBUG_INFO = INCLUDE_SOURCE;
				MTL_FAST_MATH = YES;
				ONLY_ACTIVE_ARCH = YES;
				SDKROOT = iphoneos;
			};
			name = Debug;
		};
		D4CB305E29BA1B290055BEE0 /* Release */ = {
			isa = XCBuildConfiguration;
			buildSettings = {
				ALWAYS_SEARCH_USER_PATHS = NO;
				CLANG_ANALYZER_NONNULL = YES;
				CLANG_ANALYZER_NUMBER_OBJECT_CONVERSION = YES_AGGRESSIVE;
				CLANG_CXX_LANGUAGE_STANDARD = "gnu++20";
				CLANG_ENABLE_MODULES = YES;
				CLANG_ENABLE_OBJC_ARC = YES;
				CLANG_ENABLE_OBJC_WEAK = YES;
				CLANG_WARN_BLOCK_CAPTURE_AUTORELEASING = YES;
				CLANG_WARN_BOOL_CONVERSION = YES;
				CLANG_WARN_COMMA = YES;
				CLANG_WARN_CONSTANT_CONVERSION = YES;
				CLANG_WARN_DEPRECATED_OBJC_IMPLEMENTATIONS = YES;
				CLANG_WARN_DIRECT_OBJC_ISA_USAGE = YES_ERROR;
				CLANG_WARN_DOCUMENTATION_COMMENTS = YES;
				CLANG_WARN_EMPTY_BODY = YES;
				CLANG_WARN_ENUM_CONVERSION = YES;
				CLANG_WARN_INFINITE_RECURSION = YES;
				CLANG_WARN_INT_CONVERSION = YES;
				CLANG_WARN_NON_LITERAL_NULL_CONVERSION = YES;
				CLANG_WARN_OBJC_IMPLICIT_RETAIN_SELF = YES;
				CLANG_WARN_OBJC_LITERAL_CONVERSION = YES;
				CLANG_WARN_OBJC_ROOT_CLASS = YES_ERROR;
				CLANG_WARN_QUOTED_INCLUDE_IN_FRAMEWORK_HEADER = YES;
				CLANG_WARN_RANGE_LOOP_ANALYSIS = YES;
				CLANG_WARN_STRICT_PROTOTYPES = YES;
				CLANG_WARN_SUSPICIOUS_MOVE = YES;
				CLANG_WARN_UNGUARDED_AVAILABILITY = YES_AGGRESSIVE;
				CLANG_WARN_UNREACHABLE_CODE = YES;
				CLANG_WARN__DUPLICATE_METHOD_MATCH = YES;
				COPY_PHASE_STRIP = NO;
				DEBUG_INFORMATION_FORMAT = "dwarf-with-dsym";
				ENABLE_NS_ASSERTIONS = NO;
				ENABLE_STRICT_OBJC_MSGSEND = YES;
				GCC_C_LANGUAGE_STANDARD = gnu11;
				GCC_NO_COMMON_BLOCKS = YES;
				GCC_WARN_64_TO_32_BIT_CONVERSION = YES;
				GCC_WARN_ABOUT_RETURN_TYPE = YES_ERROR;
				GCC_WARN_UNDECLARED_SELECTOR = YES;
				GCC_WARN_UNINITIALIZED_AUTOS = YES_AGGRESSIVE;
				GCC_WARN_UNUSED_FUNCTION = YES;
				GCC_WARN_UNUSED_VARIABLE = YES;
				IPHONEOS_DEPLOYMENT_TARGET = 16.1;
				MTL_ENABLE_DEBUG_INFO = NO;
				MTL_FAST_MATH = YES;
				SDKROOT = iphoneos;
				VALIDATE_PRODUCT = YES;
			};
			name = Release;
		};
		D4CB306029BA1B290055BEE0 /* Debug */ = {
			isa = XCBuildConfiguration;
			baseConfigurationReference = 561332504C1BD10E732DA144 /* Pods-ObjCUI.debug.xcconfig */;
			buildSettings = {
				ASSETCATALOG_COMPILER_APPICON_NAME = AppIcon;
				ASSETCATALOG_COMPILER_GLOBAL_ACCENT_COLOR_NAME = AccentColor;
				CODE_SIGN_STYLE = Automatic;
				CURRENT_PROJECT_VERSION = 1;
				DEVELOPMENT_TEAM = 5V8DJBQ6XZ;
				GENERATE_INFOPLIST_FILE = YES;
				INFOPLIST_FILE = ObjCUI/Info.plist;
				INFOPLIST_KEY_UIApplicationSupportsIndirectInputEvents = YES;
				INFOPLIST_KEY_UILaunchStoryboardName = LaunchScreen;
				INFOPLIST_KEY_UISupportedInterfaceOrientations_iPad = "UIInterfaceOrientationPortrait UIInterfaceOrientationPortraitUpsideDown UIInterfaceOrientationLandscapeLeft UIInterfaceOrientationLandscapeRight";
				INFOPLIST_KEY_UISupportedInterfaceOrientations_iPhone = "UIInterfaceOrientationPortrait UIInterfaceOrientationLandscapeLeft UIInterfaceOrientationLandscapeRight";
				LD_RUNPATH_SEARCH_PATHS = (
					"$(inherited)",
					"@executable_path/Frameworks",
				);
				MARKETING_VERSION = 1.0;
				PRODUCT_BUNDLE_IDENTIFIER = com.shayanbo.demo.ObjCUI;
				PRODUCT_NAME = "$(TARGET_NAME)";
				SWIFT_EMIT_LOC_STRINGS = YES;
				TARGETED_DEVICE_FAMILY = "1,2";
			};
			name = Debug;
		};
		D4CB306129BA1B290055BEE0 /* Release */ = {
			isa = XCBuildConfiguration;
			baseConfigurationReference = D67BDA0F06DB910E02DFA818 /* Pods-ObjCUI.release.xcconfig */;
			buildSettings = {
				ASSETCATALOG_COMPILER_APPICON_NAME = AppIcon;
				ASSETCATALOG_COMPILER_GLOBAL_ACCENT_COLOR_NAME = AccentColor;
				CODE_SIGN_STYLE = Automatic;
				CURRENT_PROJECT_VERSION = 1;
				DEVELOPMENT_TEAM = 5V8DJBQ6XZ;
				GENERATE_INFOPLIST_FILE = YES;
				INFOPLIST_FILE = ObjCUI/Info.plist;
				INFOPLIST_KEY_UIApplicationSupportsIndirectInputEvents = YES;
				INFOPLIST_KEY_UILaunchStoryboardName = LaunchScreen;
				INFOPLIST_KEY_UISupportedInterfaceOrientations_iPad = "UIInterfaceOrientationPortrait UIInterfaceOrientationPortraitUpsideDown UIInterfaceOrientationLandscapeLeft UIInterfaceOrientationLandscapeRight";
				INFOPLIST_KEY_UISupportedInterfaceOrientations_iPhone = "UIInterfaceOrientationPortrait UIInterfaceOrientationLandscapeLeft UIInterfaceOrientationLandscapeRight";
				LD_RUNPATH_SEARCH_PATHS = (
					"$(inherited)",
					"@executable_path/Frameworks",
				);
				MARKETING_VERSION = 1.0;
				PRODUCT_BUNDLE_IDENTIFIER = com.shayanbo.demo.ObjCUI;
				PRODUCT_NAME = "$(TARGET_NAME)";
				SWIFT_EMIT_LOC_STRINGS = YES;
				TARGETED_DEVICE_FAMILY = "1,2";
			};
			name = Release;
		};
/* End XCBuildConfiguration section */

/* Begin XCConfigurationList section */
		D4CB304129BA1B280055BEE0 /* Build configuration list for PBXProject "ObjCUI" */ = {
			isa = XCConfigurationList;
			buildConfigurations = (
				D4CB305D29BA1B290055BEE0 /* Debug */,
				D4CB305E29BA1B290055BEE0 /* Release */,
			);
			defaultConfigurationIsVisible = 0;
			defaultConfigurationName = Release;
		};
		D4CB305F29BA1B290055BEE0 /* Build configuration list for PBXNativeTarget "ObjCUI" */ = {
			isa = XCConfigurationList;
			buildConfigurations = (
				D4CB306029BA1B290055BEE0 /* Debug */,
				D4CB306129BA1B290055BEE0 /* Release */,
			);
			defaultConfigurationIsVisible = 0;
			defaultConfigurationName = Release;
		};
/* End XCConfigurationList section */
	};
	rootObject = D4CB303E29BA1B280055BEE0 /* Project object */;
}
